{
  "name": "node-record-lpcm16",
  "version": "0.3.0",
  "lockfileVersion": 1,
  "requires": true,
  "dependencies": {
    "detect-rpi": {
      "version": "1.2.0",
      "resolved": "https://registry.npmjs.org/detect-rpi/-/detect-rpi-1.2.0.tgz",
      "integrity": "sha512-TZ/c0cJYSrcArJtNaKhqODeF6EhFvkhNvsVBXfnjCh3ZUhG7WVTDN/04l5EnghTEjq1sXauZLLAsJd8lmEHstA=="
    }
  }
}
